
Microsoft Visual Studio Solution File, Format Version 11.00
# Visual Studio 2010
Project("{FAE04EC0-301F-11D3-BF4B-00C04F79EFBC}") = "EBSaveEditorFinal", "EBSaveEditorFinal\EBSaveEditorFinal.csproj", "{48260FB5-7840-48B3-9C21-D33A64965878}"
EndProject
Global
	GlobalSection(SolutionConfigurationPlatforms) = preSolution
		Debug|Any CPU = Debug|Any CPU
		Release|Any CPU = Release|Any CPU
	EndGlobalSection
	GlobalSection(ProjectConfigurationPlatforms) = postSolution
		{48260FB5-7840-48B3-9C21-D33A64965878}.Debug|Any CPU.ActiveCfg = Debug|Any CPU
		{48260FB5-7840-48B3-9C21-D33A64965878}.Debug|Any CPU.Build.0 = Debug|Any CPU
		{48260FB5-7840-48B3-9C21-D33A64965878}.Release|Any CPU.ActiveCfg = Release|Any CPU
		{48260FB5-7840-48B3-9C21-D33A64965878}.Release|Any CPU.Build.0 = Release|Any CPU
	EndGlobalSection
	GlobalSection(SolutionProperties) = preSolution
		HideSolutionNode = FALSE
	EndGlobalSection
EndGlobal
